# This file is automatically @generated by Poetry 1.8.3 and should not be changed by hand.

[[package]]
name = "poetry-pyinstaller-plugin"
version = "1.3.0"
description = "Poetry plugin to build and/or bundle executable binaries with PyInstaller"
optional = false
python-versions = "<3.14,>=3.8"
files = [
    {file = "poetry_pyinstaller_plugin-1.3.0-py3-none-any.whl", hash = "sha256:ab56d85486664a836c0f416b4cc80a061710e701c2192a9ac6112da657182bec"},
    {file = "poetry_pyinstaller_plugin-1.3.0.tar.gz", hash = "sha256:96000b9def666e105f79df91230ccf5eda8d04c2fd42516124d3463343bdbc09"},
]

[[package]]
name = "python-dotenv"
version = "1.0.1"
description = "Read key-value pairs from a .env file and set them as environment variables"
optional = false
python-versions = ">=3.8"
files = [
    {file = "python-dotenv-1.0.1.tar.gz", hash = "sha256:e324ee90a023d808f1959c46bcbc04446a10ced277783dc6ee09987c37ec10ca"},
    {file = "python_dotenv-1.0.1-py3-none-any.whl", hash = "sha256:f7b63ef50f1b690dddf550d03497b66d609393b40b564ed0d674909a68ebf16a"},
]

[package.extras]
cli = ["click (>=5.0)"]

[metadata]
lock-version = "2.0"
python-versions = ">=3.10,<3.13"
content-hash = "3cc6fbef3da4a6b2195176ba4556364c19bf738cbb51e86d20f09caae5764285"
